<?xml version="1.0" encoding="utf-8"?>
<Project ToolsVersion="4.0" xmlns="http://schemas.microsoft.com/developer/msbuild/2003">
  <ItemGroup>
    <Filter Include="Usagi">
      <UniqueIdentifier>{DEDC410E-4AF1-69BF-1373-0D1F7F4666F0}</UniqueIdentifier>
    </Filter>
    <Filter Include="Usagi\Events">
      <UniqueIdentifier>{02A39E9A-EE05-2E3F-978B-66F583CDF9C1}</UniqueIdentifier>
    </Filter>
  </ItemGroup>
  <ItemGroup>
    <ClInclude Include="src\Usagi.h" />
    <ClInclude Include="src\Usagi\Application.h">
      <Filter>Usagi</Filter>
    </ClInclude>
    <ClInclude Include="src\Usagi\Core.h">
      <Filter>Usagi</Filter>
    </ClInclude>
    <ClInclude Include="src\Usagi\EntryPoint.h">
      <Filter>Usagi</Filter>
    </ClInclude>
    <ClInclude Include="src\Usagi\Events\ApplicationEvent.h">
      <Filter>Usagi\Events</Filter>
    </ClInclude>
    <ClInclude Include="src\Usagi\Events\Event.h">
      <Filter>Usagi\Events</Filter>
    </ClInclude>
    <ClInclude Include="src\Usagi\Events\KeyEvent.h">
      <Filter>Usagi\Events</Filter>
    </ClInclude>
    <ClInclude Include="src\Usagi\Events\MouseEvent.h">
      <Filter>Usagi\Events</Filter>
    </ClInclude>
    <ClInclude Include="src\Usagi\Log.h">
      <Filter>Usagi</Filter>
    </ClInclude>
    <ClInclude Include="src\UsagiPch.h" />
  </ItemGroup>
  <ItemGroup>
    <ClCompile Include="src\Usagi\Application.cpp">
      <Filter>Usagi</Filter>
    </ClCompile>
    <ClCompile Include="src\Usagi\Log.cpp">
      <Filter>Usagi</Filter>
    </ClCompile>
    <ClCompile Include="src\UsagiPch.cpp" />
  </ItemGroup>
</Project>