
Microsoft Visual Studio Solution File, Format Version 12.00
# Visual Studio Version 17
VisualStudioVersion = 17.14.36203.30
MinimumVisualStudioVersion = 10.0.40219.1
Project("{8BC9CEB8-8B4A-11D0-8D11-00A0C91BC942}") = "Sandbox", "Sandbox\Sandbox.vcxproj", "{B192CE1D-85E5-47DE-B536-73AF235160AB}"
EndProject
Project("{8BC9CEB8-8B4A-11D0-8D11-00A0C91BC942}") = "Usagi", "Usagi\Usagi.vcxproj", "{F437E84D-C366-459A-93E6-3D5A642CCDD5}"
EndProject
Global
	GlobalSection(SolutionConfigurationPlatforms) = preSolution
		Debug|x64 = Debug|x64
		Release|x64 = Release|x64
	EndGlobalSection
	GlobalSection(ProjectConfigurationPlatforms) = postSolution
		{F437E84D-C366-459A-93E6-3D5A642CCDD5}.Debug|x64.ActiveCfg = Debug|x64
		{F437E84D-C366-459A-93E6-3D5A642CCDD5}.Debug|x64.Build.0 = Debug|x64
		{F437E84D-C366-459A-93E6-3D5A642CCDD5}.Release|x64.ActiveCfg = Release|x64
		{F437E84D-C366-459A-93E6-3D5A642CCDD5}.Release|x64.Build.0 = Release|x64
		{B192CE1D-85E5-47DE-B536-73AF235160AB}.Debug|x64.ActiveCfg = Debug|x64
		{B192CE1D-85E5-47DE-B536-73AF235160AB}.Debug|x64.Build.0 = Debug|x64
		{B192CE1D-85E5-47DE-B536-73AF235160AB}.Release|x64.ActiveCfg = Release|x64
		{B192CE1D-85E5-47DE-B536-73AF235160AB}.Release|x64.Build.0 = Release|x64
	EndGlobalSection
	GlobalSection(SolutionProperties) = preSolution
		HideSolutionNode = FALSE
	EndGlobalSection
	GlobalSection(ExtensibilityGlobals) = postSolution
		SolutionGuid = {2E16759C-A1CB-45AE-B1AE-CAD84D10CF37}
	EndGlobalSection
EndGlobal
